{
  "version": "5",
  "redirects": {
    "https://esm.sh/@supabase/functions-js@^2.1.5?target=denonext": "https://esm.sh/@supabase/functions-js@2.100.1?target=denonext",
    "https://esm.sh/@supabase/gotrue-js@^2.56.0?target=denonext": "https://esm.sh/@supabase/gotrue-js@2.100.1?target=denonext",
    "https://esm.sh/@supabase/node-fetch@^2.6.14?target=denonext": "https://esm.sh/@supabase/node-fetch@2.6.15?target=denonext",
    "https://esm.sh/@supabase/phoenix@^0.4.0?target=denonext": "https://esm.sh/@supabase/phoenix@0.4.0?target=denonext",
    "https://esm.sh/@supabase/postgrest-js@^1.8.6?target=denonext": "https://esm.sh/@supabase/postgrest-js@1.21.4?target=denonext",
    "https://esm.sh/@supabase/realtime-js@^2.8.4?target=denonext": "https://esm.sh/@supabase/realtime-js@2.100.1?target=denonext",
    "https://esm.sh/@supabase/storage-js@^2.5.4?target=denonext": "https://esm.sh/@supabase/storage-js@2.100.1?target=denonext",
    "https://esm.sh/iceberg-js@^0.8.1?target=denonext": "https://esm.sh/iceberg-js@0.8.1?target=denonext",
    "https://esm.sh/tr46@~0.0.3?target=denonext": "https://esm.sh/tr46@0.0.3?target=denonext",
    "https://esm.sh/webidl-conversions@^3.0.0?target=denonext": "https://esm.sh/webidl-conversions@3.0.1?target=denonext",
    "https://esm.sh/whatwg-url@^5.0.0?target=denonext": "https://esm.sh/whatwg-url@5.0.0?target=denonext"
  },
  "remote": {
    "https://deno.land/std@0.168.0/async/delay.ts": "5a9bfba8de38840308a7a33786a0155a7f6c1f7a859558ddcec5fe06e16daf57",
    "https://deno.land/std@0.168.0/fmt/colors.ts": "03ad95e543d2808bc43c17a3dd29d25b43d0f16287fe562a0be89bf632454a12",
    "https://deno.land/std@0.168.0/testing/_diff.ts": "a23e7fc2b4d8daa3e158fa06856bedf5334ce2a2831e8bf9e509717f455adb2c",
    "https://deno.land/std@0.168.0/testing/_format.ts": "cd11136e1797791045e639e9f0f4640d5b4166148796cad37e6ef75f7d7f3832",
    "https://deno.land/std@0.168.0/testing/asserts.ts": "51353e79437361d4b02d8e32f3fc83b22231bc8f8d4c841d86fd32b0b0afe940",
    "https://esm.sh/@supabase/functions-js@2.100.1/denonext/functions-js.mjs": "9a293b1dd13d64771d7e33f2eb6c53491a964e96faa477b5f939df16e70aedcf",
    "https://esm.sh/@supabase/functions-js@2.100.1?target=denonext": "00e9f0af9beac5094fd922ee5ff1f362edc6e261c363ccc411a98b7cfc673ef3",
    "https://esm.sh/@supabase/gotrue-js@2.100.1/denonext/gotrue-js.mjs": "7c48bb98930a905ce47f5a22f87c7f397ecb49d4f38243239f6083b1712fbede",
    "https://esm.sh/@supabase/gotrue-js@2.100.1?target=denonext": "3edfdf3896f0c201314718029ec25c49e89ac56e0f5b6aac9b24414f1a9a54dd",
    "https://esm.sh/@supabase/node-fetch@2.6.15/denonext/node-fetch.mjs": "0bae9052231f4f6dbccc7234d05ea96923dbf967be12f402764580b6bf9f713d",
    "https://esm.sh/@supabase/node-fetch@2.6.15?target=denonext": "4d28c4ad97328403184353f68434f2b6973971507919e9150297413664919cf3",
    "https://esm.sh/@supabase/phoenix@0.4.0/denonext/phoenix.mjs": "d9187057b2e3276d1110b9d814f737d4f8eff7f8b2765c4aa6bf7c7c30d070c9",
    "https://esm.sh/@supabase/phoenix@0.4.0?target=denonext": "c1df3cfcdcf13e9cfddf86181efbdd8d4099b9a2682188b74106596277a69d16",
    "https://esm.sh/@supabase/postgrest-js@1.21.4/denonext/postgrest-js.mjs": "c3769b11ef02debc78ecf6ab4e152d3cf7dbd05bbbafeb72c160e76cc57cda3c",
    "https://esm.sh/@supabase/postgrest-js@1.21.4?target=denonext": "db2315bc0ff19690cd4239c5adb5f5787f5dea04955058ef1fca541d49555ed6",
    "https://esm.sh/@supabase/realtime-js@2.100.1/denonext/realtime-js.mjs": "15cd40f4ef7e44ed50f05bb5de4225f16b03005af48ec31d81c9e9ba299caf00",
    "https://esm.sh/@supabase/realtime-js@2.100.1?target=denonext": "89369fc83be048dfb451b7a2d14dc60d631f6ae5cc106e743397db42691f5109",
    "https://esm.sh/@supabase/storage-js@2.100.1/denonext/storage-js.mjs": "e4752517cbf64fa27e749be08d95c08a8e2ec6ff77b07b9a3de4ea03ca390341",
    "https://esm.sh/@supabase/storage-js@2.100.1?target=denonext": "cb22e6019fced77057a968dd5f04e26f3a94c0a63e2a5900b4abbd216a13c02f",
    "https://esm.sh/@supabase/supabase-js@2.39.0": "f51aeb2dbf8f67c8fa396628af45793e3513067d45705f1ea158f5c678bb0cea",
    "https://esm.sh/@supabase/supabase-js@2.39.0/denonext/supabase-js.mjs": "11e53e706626aa625a6c6dbe6a9a8a6dc6d66a0827cd43507f3a98a0a538ae3c",
    "https://esm.sh/iceberg-js@0.8.1/denonext/iceberg-js.mjs": "d839d81a2e3966500ca2cdd0c1cb458e9608bacfc91f7bb67a69b2e878dcdb4f",
    "https://esm.sh/iceberg-js@0.8.1?target=denonext": "58c849d7fe2bf4eca4a84eb501e83c161a7d8c34ca1bec15a962b3bec3062633",
    "https://esm.sh/tr46@0.0.3/denonext/tr46.mjs": "5753ec0a99414f4055f0c1f97691100f13d88e48a8443b00aebb90a512785fa2",
    "https://esm.sh/tr46@0.0.3?target=denonext": "19cb9be0f0d418a0c3abb81f2df31f080e9540a04e43b0f699bce1149cba0cbb",
    "https://esm.sh/tslib@2.8.1/denonext/tslib.mjs": "c38da5dd6da6281964435002ce204cd586634fe3bdfb24a0ee116f48cf3292e9",
    "https://esm.sh/webidl-conversions@3.0.1/denonext/webidl-conversions.mjs": "238cd0743827707cbc1c2d7c2cf1027dbc536fb53ec9a3fde0ff8026a3ac5385",
    "https://esm.sh/webidl-conversions@3.0.1?target=denonext": "4e20318d50528084616c79d7b3f6e7f0fe7b6d09013bd01b3974d7448d767e29",
    "https://esm.sh/whatwg-url@5.0.0/denonext/whatwg-url.mjs": "29b16d74ee72624c915745bbd25b617cfd2248c6af0f5120d131e232a9a9af79",
    "https://esm.sh/whatwg-url@5.0.0?target=denonext": "f001a2cadf81312d214ca330033f474e74d81a003e21e8c5d70a1f46dc97b02d"
  },
  "workspace": {
    "packageJson": {
      "dependencies": [
        "npm:@types/node@^25.2.2",
        "npm:@typescript-eslint/eslint-plugin@^8.56.1",
        "npm:@typescript-eslint/parser@^8.56.1",
        "npm:dependency-cruiser@^17.3.7",
        "npm:eslint-plugin-react-hooks@^4.6.0",
        "npm:eslint-plugin-react-refresh@~0.4.26",
        "npm:eslint@^8.55.0",
        "npm:husky@^9.1.7",
        "npm:lint-staged@^16.2.7",
        "npm:prettier@^3.8.1",
        "npm:standard-version@^9.5.0",
        "npm:supabase@^2.76.6",
        "npm:tsx@^4.21.0"
      ]
    }
  }
}
